
Microsoft Visual Studio Solution File, Format Version 12.00
# Visual Studio Version 17
VisualStudioVersion = 17.13.35806.99 d17.13
MinimumVisualStudioVersion = 10.0.40219.1
Project("{FAE04EC0-301F-11D3-BF4B-00C04F79EFBC}") = "laba6", "laba6.csproj", "{1AE53F3D-E75D-47AD-8E6E-F8166AB331D9}"
EndProject
Global
	GlobalSection(SolutionConfigurationPlatforms) = preSolution
		Debug|Any CPU = Debug|Any CPU
		Release|Any CPU = Release|Any CPU
	EndGlobalSection
	GlobalSection(ProjectConfigurationPlatforms) = postSolution
		{1AE53F3D-E75D-47AD-8E6E-F8166AB331D9}.Debug|Any CPU.ActiveCfg = Debug|Any CPU
		{1AE53F3D-E75D-47AD-8E6E-F8166AB331D9}.Debug|Any CPU.Build.0 = Debug|Any CPU
		{1AE53F3D-E75D-47AD-8E6E-F8166AB331D9}.Release|Any CPU.ActiveCfg = Release|Any CPU
		{1AE53F3D-E75D-47AD-8E6E-F8166AB331D9}.Release|Any CPU.Build.0 = Release|Any CPU
	EndGlobalSection
	GlobalSection(SolutionProperties) = preSolution
		HideSolutionNode = FALSE
	EndGlobalSection
	GlobalSection(ExtensibilityGlobals) = postSolution
		SolutionGuid = {42BCCBBF-A7C9-471F-948F-60E7B460A7E6}
	EndGlobalSection
EndGlobal
