Microsoft Visual Studio Solution File, Format Version 12.00
# Visual Studio 15
VisualStudioVersion = 15.0.26730.15
MinimumVisualStudioVersion = 10.0.40219.1
Project("{FAE04EC0-301F-11D3-BF4B-00C04F79EFBC}") = "UsabilityDemo", "UsabilityDemo.csproj", "{C62052D3-038F-43DD-AC24-635210D16253}"
EndProject
Global
	GlobalSection(SolutionConfigurationPlatforms) = preSolution
		Debug|Any CPU = Debug|Any CPU
		Release|Any CPU = Release|Any CPU
	EndGlobalSection
	GlobalSection(ProjectConfigurationPlatforms) = postSolution
		{C62052D3-038F-43DD-AC24-635210D16253}.Debug|Any CPU.ActiveCfg = Debug|Any CPU
		{C62052D3-038F-43DD-AC24-635210D16253}.Debug|Any CPU.Build.0 = Debug|Any CPU
		{C62052D3-038F-43DD-AC24-635210D16253}.Release|Any CPU.ActiveCfg = Release|Any CPU
		{C62052D3-038F-43DD-AC24-635210D16253}.Release|Any CPU.Build.0 = Release|Any CPU
	EndGlobalSection
	GlobalSection(SolutionProperties) = preSolution
		HideSolutionNode = FALSE
	EndGlobalSection
	GlobalSection(ExtensibilityGlobals) = postSolution
		SolutionGuid = {1210C273-B609-42ED-BD4C-EECB4823F4C1}
	EndGlobalSection
EndGlobal
