
Microsoft Visual Studio Solution File, Format Version 12.00
# Visual Studio Version 17
VisualStudioVersion = 17.13.35806.99 d17.13
MinimumVisualStudioVersion = 10.0.40219.1
Project("{FAE04EC0-301F-11D3-BF4B-00C04F79EFBC}") = "laba11", "laba11.csproj", "{210FD748-ED08-40D1-9E45-AFB6EC9DBBEE}"
EndProject
Global
	GlobalSection(SolutionConfigurationPlatforms) = preSolution
		Debug|Any CPU = Debug|Any CPU
		Release|Any CPU = Release|Any CPU
	EndGlobalSection
	GlobalSection(ProjectConfigurationPlatforms) = postSolution
		{210FD748-ED08-40D1-9E45-AFB6EC9DBBEE}.Debug|Any CPU.ActiveCfg = Debug|Any CPU
		{210FD748-ED08-40D1-9E45-AFB6EC9DBBEE}.Debug|Any CPU.Build.0 = Debug|Any CPU
		{210FD748-ED08-40D1-9E45-AFB6EC9DBBEE}.Release|Any CPU.ActiveCfg = Release|Any CPU
		{210FD748-ED08-40D1-9E45-AFB6EC9DBBEE}.Release|Any CPU.Build.0 = Release|Any CPU
	EndGlobalSection
	GlobalSection(SolutionProperties) = preSolution
		HideSolutionNode = FALSE
	EndGlobalSection
	GlobalSection(ExtensibilityGlobals) = postSolution
		SolutionGuid = {F722AD44-F38F-4A3E-AA63-EA8A994A84FC}
	EndGlobalSection
EndGlobal
