
Microsoft Visual Studio Solution File, Format Version 12.00
# Visual Studio Version 17
VisualStudioVersion = 17.13.35806.99 d17.13
MinimumVisualStudioVersion = 10.0.40219.1
Project("{FAE04EC0-301F-11D3-BF4B-00C04F79EFBC}") = "laba5", "laba5.csproj", "{C8101DDB-3AA9-4C29-9D46-A3FAD7E63232}"
EndProject
Global
	GlobalSection(SolutionConfigurationPlatforms) = preSolution
		Debug|Any CPU = Debug|Any CPU
		Release|Any CPU = Release|Any CPU
	EndGlobalSection
	GlobalSection(ProjectConfigurationPlatforms) = postSolution
		{C8101DDB-3AA9-4C29-9D46-A3FAD7E63232}.Debug|Any CPU.ActiveCfg = Debug|Any CPU
		{C8101DDB-3AA9-4C29-9D46-A3FAD7E63232}.Debug|Any CPU.Build.0 = Debug|Any CPU
		{C8101DDB-3AA9-4C29-9D46-A3FAD7E63232}.Release|Any CPU.ActiveCfg = Release|Any CPU
		{C8101DDB-3AA9-4C29-9D46-A3FAD7E63232}.Release|Any CPU.Build.0 = Release|Any CPU
	EndGlobalSection
	GlobalSection(SolutionProperties) = preSolution
		HideSolutionNode = FALSE
	EndGlobalSection
	GlobalSection(ExtensibilityGlobals) = postSolution
		SolutionGuid = {4ECC031E-470E-4CDA-B355-E8D2B19127DF}
	EndGlobalSection
EndGlobal
